// !$*UTF8*$!
{
	archiveVersion = 1;
	classes = {
	};
	objectVersion = 77;
	objects = {

/* Begin PBXBuildFile section */
		B93D56812F46D297007D8DDD /* NIO in Frameworks */ = {isa = PBXBuildFile; productRef = B93D56802F46D297007D8DDD /* NIO */; };
		B93D56832F46D297007D8DDD /* NIOCore in Frameworks */ = {isa = PBXBuildFile; productRef = B93D56822F46D297007D8DDD /* NIOCore */; };
		B93D56852F46D297007D8DDD /* NIOFoundationCompat in Frameworks */ = {isa = PBXBuildFile; productRef = B93D56842F46D297007D8DDD /* NIOFoundationCompat */; };
		B93D56872F46D297007D8DDD /* NIOPosix in Frameworks */ = {isa = PBXBuildFile; productRef = B93D56862F46D297007D8DDD /* NIOPosix */; };
/* End PBXBuildFile section */

/* Begin PBXContainerItemProxy section */
		B93D55912F46BF77007D8DDD /* PBXContainerItemProxy */ = {
			isa = PBXContainerItemProxy;
			containerPortal = B93D55792F46BF76007D8DDD /* Project object */;
			proxyType = 1;
			remoteGlobalIDString = B93D55802F46BF76007D8DDD;
			remoteInfo = "aslan-browser";
		};
		B93D559B2F46BF77007D8DDD /* PBXContainerItemProxy */ = {
			isa = PBXContainerItemProxy;
			containerPortal = B93D55792F46BF76007D8DDD /* Project object */;
			proxyType = 1;
			remoteGlobalIDString = B93D55802F46BF76007D8DDD;
			remoteInfo = "aslan-browser";
		};
/* End PBXContainerItemProxy section */

/* Begin PBXFileReference section */
		B93D55812F46BF76007D8DDD /* aslan-browser.app */ = {isa = PBXFileReference; explicitFileType = wrapper.application; includeInIndex = 0; path = "aslan-browser.app"; sourceTree = BUILT_PRODUCTS_DIR; };
		B93D55902F46BF77007D8DDD /* aslan-browserTests.xctest */ = {isa = PBXFileReference; explicitFileType = wrapper.cfbundle; includeInIndex = 0; path = "aslan-browserTests.xctest"; sourceTree = BUILT_PRODUCTS_DIR; };
		B93D559A2F46BF77007D8DDD /* aslan-browserUITests.xctest */ = {isa = PBXFileReference; explicitFileType = wrapper.cfbundle; includeInIndex = 0; path = "aslan-browserUITests.xctest"; sourceTree = BUILT_PRODUCTS_DIR; };
/* End PBXFileReference section */

/* Begin PBXFileSystemSynchronizedRootGroup section */
		B93D55832F46BF76007D8DDD /* aslan-browser */ = {
			isa = PBXFileSystemSynchronizedRootGroup;
			path = "aslan-browser";
			sourceTree = "<group>";
		};
		B93D55932F46BF77007D8DDD /* aslan-browserTests */ = {
			isa = PBXFileSystemSynchronizedRootGroup;
			path = "aslan-browserTests";
			sourceTree = "<group>";
		};
		B93D559D2F46BF77007D8DDD /* aslan-browserUITests */ = {
			isa = PBXFileSystemSynchronizedRootGroup;
			path = "aslan-browserUITests";
			sourceTree = "<group>";
		};
		B93D55B22F46BF9B007D8DDD /* docs */ = {
			isa = PBXFileSystemSynchronizedRootGroup;
			path = docs;
			sourceTree = "<group>";
		};
/* End PBXFileSystemSynchronizedRootGroup section */

/* Begin PBXFrameworksBuildPhase section */
		B93D557E2F46BF76007D8DDD /* Frameworks */ = {
			isa = PBXFrameworksBuildPhase;
			buildActionMask = 2147483647;
			files = (
				B93D56832F46D297007D8DDD /* NIOCore in Frameworks */,
				B93D56872F46D297007D8DDD /* NIOPosix in Frameworks */,
				B93D56852F46D297007D8DDD /* NIOFoundationCompat in Frameworks */,
				B93D56812F46D297007D8DDD /* NIO in Frameworks */,
			);
			runOnlyForDeploymentPostprocessing = 0;
		};
		B93D558D2F46BF77007D8DDD /* Frameworks */ = {
			isa = PBXFrameworksBuildPhase;
			buildActionMask = 2147483647;
			files = (
			);
			runOnlyForDeploymentPostprocessing = 0;
		};
		B93D55972F46BF77007D8DDD /* Frameworks */ = {
			isa = PBXFrameworksBuildPhase;
			buildActionMask = 2147483647;
			files = (
			);
			runOnlyForDeploymentPostprocessing = 0;
		};
/* End PBXFrameworksBuildPhase section */

/* Begin PBXGroup section */
		B93D55782F46BF76007D8DDD = {
			isa = PBXGroup;
			children = (
				B93D55B22F46BF9B007D8DDD /* docs */,
				B93D55832F46BF76007D8DDD /* aslan-browser */,
				B93D55932F46BF77007D8DDD /* aslan-browserTests */,
				B93D559D2F46BF77007D8DDD /* aslan-browserUITests */,
				B93D55822F46BF76007D8DDD /* Products */,
			);
			sourceTree = "<group>";
		};
		B93D55822F46BF76007D8DDD /* Products */ = {
			isa = PBXGroup;
			children = (
				B93D55812F46BF76007D8DDD /* aslan-browser.app */,
				B93D55902F46BF77007D8DDD /* aslan-browserTests.xctest */,
				B93D559A2F46BF77007D8DDD /* aslan-browserUITests.xctest */,
			);
			name = Products;
			sourceTree = "<group>";
		};
/* End PBXGroup section */

/* Begin PBXNativeTarget section */
		B93D55802F46BF76007D8DDD /* aslan-browser */ = {
			isa = PBXNativeTarget;
			buildConfigurationList = B93D55A42F46BF77007D8DDD /* Build configuration list for PBXNativeTarget "aslan-browser" */;
			buildPhases = (
				B93D557D2F46BF76007D8DDD /* Sources */,
				B93D557E2F46BF76007D8DDD /* Frameworks */,
				B93D557F2F46BF76007D8DDD /* Resources */,
			);
			buildRules = (
			);
			dependencies = (
			);
			fileSystemSynchronizedGroups = (
				B93D55832F46BF76007D8DDD /* aslan-browser */,
				B93D55B22F46BF9B007D8DDD /* docs */,
			);
			name = "aslan-browser";
			packageProductDependencies = (
				B93D56802F46D297007D8DDD /* NIO */,
				B93D56822F46D297007D8DDD /* NIOCore */,
				B93D56842F46D297007D8DDD /* NIOFoundationCompat */,
				B93D56862F46D297007D8DDD /* NIOPosix */,
			);
			productName = "aslan-browser";
			productReference = B93D55812F46BF76007D8DDD /* aslan-browser.app */;
			productType = "com.apple.product-type.application";
		};
		B93D558F2F46BF77007D8DDD /* aslan-browserTests */ = {
			isa = PBXNativeTarget;
			buildConfigurationList = B93D55A72F46BF77007D8DDD /* Build configuration list for PBXNativeTarget "aslan-browserTests" */;
			buildPhases = (
				B93D558C2F46BF77007D8DDD /* Sources */,
				B93D558D2F46BF77007D8DDD /* Frameworks */,
				B93D558E2F46BF77007D8DDD /* Resources */,
			);
			buildRules = (
			);
			dependencies = (
				B93D55922F46BF77007D8DDD /* PBXTargetDependency */,
			);
			fileSystemSynchronizedGroups = (
				B93D55932F46BF77007D8DDD /* aslan-browserTests */,
			);
			name = "aslan-browserTests";
			packageProductDependencies = (
			);
			productName = "aslan-browserTests";
			productReference = B93D55902F46BF77007D8DDD /* aslan-browserTests.xctest */;
			productType = "com.apple.product-type.bundle.unit-test";
		};
		B93D55992F46BF77007D8DDD /* aslan-browserUITests */ = {
			isa = PBXNativeTarget;
			buildConfigurationList = B93D55AA2F46BF77007D8DDD /* Build configuration list for PBXNativeTarget "aslan-browserUITests" */;
			buildPhases = (
				B93D55962F46BF77007D8DDD /* Sources */,
				B93D55972F46BF77007D8DDD /* Frameworks */,
				B93D55982F46BF77007D8DDD /* Resources */,
			);
			buildRules = (
			);
			dependencies = (
				B93D559C2F46BF77007D8DDD /* PBXTargetDependency */,
			);
			fileSystemSynchronizedGroups = (
				B93D559D2F46BF77007D8DDD /* aslan-browserUITests */,
			);
			name = "aslan-browserUITests";
			packageProductDependencies = (
			);
			productName = "aslan-browserUITests";
			productReference = B93D559A2F46BF77007D8DDD /* aslan-browserUITests.xctest */;
			productType = "com.apple.product-type.bundle.ui-testing";
		};
/* End PBXNativeTarget section */

/* Begin PBXProject section */
		B93D55792F46BF76007D8DDD /* Project object */ = {
			isa = PBXProject;
			attributes = {
				BuildIndependentTargetsInParallel = 1;
				LastSwiftUpdateCheck = 2630;
				LastUpgradeCheck = 2630;
				TargetAttributes = {
					B93D55802F46BF76007D8DDD = {
						CreatedOnToolsVersion = 26.3;
					};
					B93D558F2F46BF77007D8DDD = {
						CreatedOnToolsVersion = 26.3;
						TestTargetID = B93D55802F46BF76007D8DDD;
					};
					B93D55992F46BF77007D8DDD = {
						CreatedOnToolsVersion = 26.3;
						TestTargetID = B93D55802F46BF76007D8DDD;
					};
				};
			};
			buildConfigurationList = B93D557C2F46BF76007D8DDD /* Build configuration list for PBXProject "aslan-browser" */;
			developmentRegion = en;
			hasScannedForEncodings = 0;
			knownRegions = (
				en,
				Base,
			);
			mainGroup = B93D55782F46BF76007D8DDD;
			minimizedProjectReferenceProxies = 1;
			packageReferences = (
				B93D567F2F46D297007D8DDD /* XCRemoteSwiftPackageReference "swift-nio" */,
			);
			preferredProjectObjectVersion = 77;
			productRefGroup = B93D55822F46BF76007D8DDD /* Products */;
			projectDirPath = "";
			projectRoot = "";
			targets = (
				B93D55802F46BF76007D8DDD /* aslan-browser */,
				B93D558F2F46BF77007D8DDD /* aslan-browserTests */,
				B93D55992F46BF77007D8DDD /* aslan-browserUITests */,
			);
		};
/* End PBXProject section */

/* Begin PBXResourcesBuildPhase section */
		B93D557F2F46BF76007D8DDD /* Resources */ = {
			isa = PBXResourcesBuildPhase;
			buildActionMask = 2147483647;
			files = (
			);
			runOnlyForDeploymentPostprocessing = 0;
		};
		B93D558E2F46BF77007D8DDD /* Resources */ = {
			isa = PBXResourcesBuildPhase;
			buildActionMask = 2147483647;
			files = (
			);
			runOnlyForDeploymentPostprocessing = 0;
		};
		B93D55982F46BF77007D8DDD /* Resources */ = {
			isa = PBXResourcesBuildPhase;
			buildActionMask = 2147483647;
			files = (
			);
			runOnlyForDeploymentPostprocessing = 0;
		};
/* End PBXResourcesBuildPhase section */

/* Begin PBXSourcesBuildPhase section */
		B93D557D2F46BF76007D8DDD /* Sources */ = {
			isa = PBXSourcesBuildPhase;
			buildActionMask = 2147483647;
			files = (
			);
			runOnlyForDeploymentPostprocessing = 0;
		};
		B93D558C2F46BF77007D8DDD /* Sources */ = {
			isa = PBXSourcesBuildPhase;
			buildActionMask = 2147483647;
			files = (
			);
			runOnlyForDeploymentPostprocessing = 0;
		};
		B93D55962F46BF77007D8DDD /* Sources */ = {
			isa = PBXSourcesBuildPhase;
			buildActionMask = 2147483647;
			files = (
			);
			runOnlyForDeploymentPostprocessing = 0;
		};
/* End PBXSourcesBuildPhase section */

/* Begin PBXTargetDependency section */
		B93D55922F46BF77007D8DDD /* PBXTargetDependency */ = {
			isa = PBXTargetDependency;
			target = B93D55802F46BF76007D8DDD /* aslan-browser */;
			targetProxy = B93D55912F46BF77007D8DDD /* PBXContainerItemProxy */;
		};
		B93D559C2F46BF77007D8DDD /* PBXTargetDependency */ = {
			isa = PBXTargetDependency;
			target = B93D55802F46BF76007D8DDD /* aslan-browser */;
			targetProxy = B93D559B2F46BF77007D8DDD /* PBXContainerItemProxy */;
		};
/* End PBXTargetDependency section */

/* Begin XCBuildConfiguration section */
		B93D55A22F46BF77007D8DDD /* Debug */ = {
			isa = XCBuildConfiguration;
			buildSettings = {
				ALWAYS_SEARCH_USER_PATHS = NO;
				ASSETCATALOG_COMPILER_GENERATE_SWIFT_ASSET_SYMBOL_EXTENSIONS = YES;
				CLANG_ANALYZER_NONNULL = YES;
				CLANG_ANALYZER_NUMBER_OBJECT_CONVERSION = YES_AGGRESSIVE;
				CLANG_CXX_LANGUAGE_STANDARD = "gnu++20";
				CLANG_ENABLE_MODULES = YES;
				CLANG_ENABLE_OBJC_ARC = YES;
				CLANG_ENABLE_OBJC_WEAK = YES;
				CLANG_WARN_BLOCK_CAPTURE_AUTORELEASING = YES;
				CLANG_WARN_BOOL_CONVERSION = YES;
				CLANG_WARN_COMMA = YES;
				CLANG_WARN_CONSTANT_CONVERSION = YES;
				CLANG_WARN_DEPRECATED_OBJC_IMPLEMENTATIONS = YES;
				CLANG_WARN_DIRECT_OBJC_ISA_USAGE = YES_ERROR;
				CLANG_WARN_DOCUMENTATION_COMMENTS = YES;
				CLANG_WARN_EMPTY_BODY = YES;
				CLANG_WARN_ENUM_CONVERSION = YES;
				CLANG_WARN_INFINITE_RECURSION = YES;
				CLANG_WARN_INT_CONVERSION = YES;
				CLANG_WARN_NON_LITERAL_NULL_CONVERSION = YES;
				CLANG_WARN_OBJC_IMPLICIT_RETAIN_SELF = YES;
				CLANG_WARN_OBJC_LITERAL_CONVERSION = YES;
				CLANG_WARN_OBJC_ROOT_CLASS = YES_ERROR;
				CLANG_WARN_QUOTED_INCLUDE_IN_FRAMEWORK_HEADER = YES;
				CLANG_WARN_RANGE_LOOP_ANALYSIS = YES;
				CLANG_WARN_STRICT_PROTOTYPES = YES;
				CLANG_WARN_SUSPICIOUS_MOVE = YES;
				CLANG_WARN_UNGUARDED_AVAILABILITY = YES_AGGRESSIVE;
				CLANG_WARN_UNREACHABLE_CODE = YES;
				CLANG_WARN__DUPLICATE_METHOD_MATCH = YES;
				COPY_PHASE_STRIP = NO;
				DEBUG_INFORMATION_FORMAT = dwarf;
				DEVELOPMENT_TEAM = 53T3AP3735;
				ENABLE_STRICT_OBJC_MSGSEND = YES;
				ENABLE_TESTABILITY = YES;
				ENABLE_USER_SCRIPT_SANDBOXING = NO;
				GCC_C_LANGUAGE_STANDARD = gnu17;
				GCC_DYNAMIC_NO_PIC = NO;
				GCC_NO_COMMON_BLOCKS = YES;
				GCC_OPTIMIZATION_LEVEL = 0;
				GCC_PREPROCESSOR_DEFINITIONS = (
					"DEBUG=1",
					"$(inherited)",
				);
				GCC_WARN_64_TO_32_BIT_CONVERSION = YES;
				GCC_WARN_ABOUT_RETURN_TYPE = YES_ERROR;
				GCC_WARN_UNDECLARED_SELECTOR = YES;
				GCC_WARN_UNINITIALIZED_AUTOS = YES_AGGRESSIVE;
				GCC_WARN_UNUSED_FUNCTION = YES;
				GCC_WARN_UNUSED_VARIABLE = YES;
				LOCALIZATION_PREFERS_STRING_CATALOGS = YES;
				MACOSX_DEPLOYMENT_TARGET = 14.0;
				MTL_ENABLE_DEBUG_INFO = INCLUDE_SOURCE;
				MTL_FAST_MATH = YES;
				ONLY_ACTIVE_ARCH = YES;
				SDKROOT = macosx;
				SWIFT_ACTIVE_COMPILATION_CONDITIONS = "DEBUG $(inherited)";
				SWIFT_OPTIMIZATION_LEVEL = "-Onone";
			};
			name = Debug;
		};
		B93D55A32F46BF77007D8DDD /* Release */ = {
			isa = XCBuildConfiguration;
			buildSettings = {
				ALWAYS_SEARCH_USER_PATHS = NO;
				ASSETCATALOG_COMPILER_GENERATE_SWIFT_ASSET_SYMBOL_EXTENSIONS = YES;
				CLANG_ANALYZER_NONNULL = YES;
				CLANG_ANALYZER_NUMBER_OBJECT_CONVERSION = YES_AGGRESSIVE;
				CLANG_CXX_LANGUAGE_STANDARD = "gnu++20";
				CLANG_ENABLE_MODULES = YES;
				CLANG_ENABLE_OBJC_ARC = YES;
				CLANG_ENABLE_OBJC_WEAK = YES;
				CLANG_WARN_BLOCK_CAPTURE_AUTORELEASING = YES;
				CLANG_WARN_BOOL_CONVERSION = YES;
				CLANG_WARN_COMMA = YES;
				CLANG_WARN_CONSTANT_CONVERSION = YES;
				CLANG_WARN_DEPRECATED_OBJC_IMPLEMENTATIONS = YES;
				CLANG_WARN_DIRECT_OBJC_ISA_USAGE = YES_ERROR;
				CLANG_WARN_DOCUMENTATION_COMMENTS = YES;
				CLANG_WARN_EMPTY_BODY = YES;
				CLANG_WARN_ENUM_CONVERSION = YES;
				CLANG_WARN_INFINITE_RECURSION = YES;
				CLANG_WARN_INT_CONVERSION = YES;
				CLANG_WARN_NON_LITERAL_NULL_CONVERSION = YES;
				CLANG_WARN_OBJC_IMPLICIT_RETAIN_SELF = YES;
				CLANG_WARN_OBJC_LITERAL_CONVERSION = YES;
				CLANG_WARN_OBJC_ROOT_CLASS = YES_ERROR;
				CLANG_WARN_QUOTED_INCLUDE_IN_FRAMEWORK_HEADER = YES;
				CLANG_WARN_RANGE_LOOP_ANALYSIS = YES;
				CLANG_WARN_STRICT_PROTOTYPES = YES;
				CLANG_WARN_SUSPICIOUS_MOVE = YES;
				CLANG_WARN_UNGUARDED_AVAILABILITY = YES_AGGRESSIVE;
				CLANG_WARN_UNREACHABLE_CODE = YES;
				CLANG_WARN__DUPLICATE_METHOD_MATCH = YES;
				COPY_PHASE_STRIP = NO;
				DEBUG_INFORMATION_FORMAT = "dwarf-with-dsym";
				DEVELOPMENT_TEAM = 53T3AP3735;
				ENABLE_NS_ASSERTIONS = NO;
				ENABLE_STRICT_OBJC_MSGSEND = YES;
				ENABLE_USER_SCRIPT_SANDBOXING = NO;
				GCC_C_LANGUAGE_STANDARD = gnu17;
				GCC_NO_COMMON_BLOCKS = YES;
				GCC_WARN_64_TO_32_BIT_CONVERSION = YES;
				GCC_WARN_ABOUT_RETURN_TYPE = YES_ERROR;
				GCC_WARN_UNDECLARED_SELECTOR = YES;
				GCC_WARN_UNINITIALIZED_AUTOS = YES_AGGRESSIVE;
				GCC_WARN_UNUSED_FUNCTION = YES;
				GCC_WARN_UNUSED_VARIABLE = YES;
				LOCALIZATION_PREFERS_STRING_CATALOGS = YES;
				MACOSX_DEPLOYMENT_TARGET = 14.0;
				MTL_ENABLE_DEBUG_INFO = NO;
				MTL_FAST_MATH = YES;
				SDKROOT = macosx;
				SWIFT_COMPILATION_MODE = wholemodule;
			};
			name = Release;
		};
		B93D55A52F46BF77007D8DDD /* Debug */ = {
			isa = XCBuildConfiguration;
			buildSettings = {
				ASSETCATALOG_COMPILER_APPICON_NAME = AppIcon;
				ASSETCATALOG_COMPILER_GLOBAL_ACCENT_COLOR_NAME = AccentColor;
				CODE_SIGN_ENTITLEMENTS = "aslan-browser/aslan_browser.entitlements";
				CODE_SIGN_STYLE = Automatic;
				COMBINE_HIDPI_IMAGES = YES;
				CURRENT_PROJECT_VERSION = 4;
				DEVELOPMENT_TEAM = 53T3AP3735;
				ENABLE_APP_SANDBOX = NO;
				ENABLE_HARDENED_RUNTIME = YES;
				ENABLE_PREVIEWS = YES;
				ENABLE_USER_SELECTED_FILES = readwrite;
				GENERATE_INFOPLIST_FILE = YES;
				INFOPLIST_KEY_NSHumanReadableCopyright = "";
				INFOPLIST_KEY_NSPrincipalClass = NSApplication;
				LD_RUNPATH_SEARCH_PATHS = (
					"$(inherited)",
					"@executable_path/../Frameworks",
				);
				MARKETING_VERSION = 1.1.1;
				PRODUCT_BUNDLE_IDENTIFIER = "com.uzunu.aslan-browser";
				PRODUCT_NAME = "$(TARGET_NAME)";
				REGISTER_APP_GROUPS = YES;
				STRING_CATALOG_GENERATE_SYMBOLS = YES;
				SWIFT_APPROACHABLE_CONCURRENCY = YES;
				SWIFT_DEFAULT_ACTOR_ISOLATION = MainActor;
				SWIFT_EMIT_LOC_STRINGS = YES;
				SWIFT_UPCOMING_FEATURE_MEMBER_IMPORT_VISIBILITY = YES;
				SWIFT_VERSION = 5.0;
			};
			name = Debug;
		};
		B93D55A62F46BF77007D8DDD /* Release */ = {
			isa = XCBuildConfiguration;
			buildSettings = {
				ASSETCATALOG_COMPILER_APPICON_NAME = AppIcon;
				ASSETCATALOG_COMPILER_GLOBAL_ACCENT_COLOR_NAME = AccentColor;
				CODE_SIGN_ENTITLEMENTS = "aslan-browser/aslan_browser.entitlements";
				CODE_SIGN_STYLE = Automatic;
				COMBINE_HIDPI_IMAGES = YES;
				CURRENT_PROJECT_VERSION = 4;
				DEVELOPMENT_TEAM = 53T3AP3735;
				ENABLE_APP_SANDBOX = NO;
				ENABLE_HARDENED_RUNTIME = YES;
				ENABLE_PREVIEWS = YES;
				ENABLE_USER_SELECTED_FILES = readwrite;
				GENERATE_INFOPLIST_FILE = YES;
				INFOPLIST_KEY_NSHumanReadableCopyright = "";
				INFOPLIST_KEY_NSPrincipalClass = NSApplication;
				LD_RUNPATH_SEARCH_PATHS = (
					"$(inherited)",
					"@executable_path/../Frameworks",
				);
				MARKETING_VERSION = 1.1.1;
				PRODUCT_BUNDLE_IDENTIFIER = "com.uzunu.aslan-browser";
				PRODUCT_NAME = "$(TARGET_NAME)";
				REGISTER_APP_GROUPS = YES;
				STRING_CATALOG_GENERATE_SYMBOLS = YES;
				SWIFT_APPROACHABLE_CONCURRENCY = YES;
				SWIFT_DEFAULT_ACTOR_ISOLATION = MainActor;
				SWIFT_EMIT_LOC_STRINGS = YES;
				SWIFT_UPCOMING_FEATURE_MEMBER_IMPORT_VISIBILITY = YES;
				SWIFT_VERSION = 5.0;
			};
			name = Release;
		};
		B93D55A82F46BF77007D8DDD /* Debug */ = {
			isa = XCBuildConfiguration;
			buildSettings = {
				BUNDLE_LOADER = "$(TEST_HOST)";
				CODE_SIGN_STYLE = Automatic;
				CURRENT_PROJECT_VERSION = 4;
				DEVELOPMENT_TEAM = 53T3AP3735;
				GENERATE_INFOPLIST_FILE = YES;
				MACOSX_DEPLOYMENT_TARGET = 14.0;
				MARKETING_VERSION = 1.1.1;
				PRODUCT_BUNDLE_IDENTIFIER = "com.uzunu.aslan-browserTests";
				PRODUCT_NAME = "$(TARGET_NAME)";
				STRING_CATALOG_GENERATE_SYMBOLS = NO;
				SWIFT_APPROACHABLE_CONCURRENCY = YES;
				SWIFT_EMIT_LOC_STRINGS = NO;
				SWIFT_UPCOMING_FEATURE_MEMBER_IMPORT_VISIBILITY = YES;
				SWIFT_VERSION = 5.0;
				TEST_HOST = "$(BUILT_PRODUCTS_DIR)/aslan-browser.app/$(BUNDLE_EXECUTABLE_FOLDER_PATH)/aslan-browser";
			};
			name = Debug;
		};
		B93D55A92F46BF77007D8DDD /* Release */ = {
			isa = XCBuildConfiguration;
			buildSettings = {
				BUNDLE_LOADER = "$(TEST_HOST)";
				CODE_SIGN_STYLE = Automatic;
				CURRENT_PROJECT_VERSION = 4;
				DEVELOPMENT_TEAM = 53T3AP3735;
				GENERATE_INFOPLIST_FILE = YES;
				MACOSX_DEPLOYMENT_TARGET = 14.0;
				MARKETING_VERSION = 1.1.1;
				PRODUCT_BUNDLE_IDENTIFIER = "com.uzunu.aslan-browserTests";
				PRODUCT_NAME = "$(TARGET_NAME)";
				STRING_CATALOG_GENERATE_SYMBOLS = NO;
				SWIFT_APPROACHABLE_CONCURRENCY = YES;
				SWIFT_EMIT_LOC_STRINGS = NO;
				SWIFT_UPCOMING_FEATURE_MEMBER_IMPORT_VISIBILITY = YES;
				SWIFT_VERSION = 5.0;
				TEST_HOST = "$(BUILT_PRODUCTS_DIR)/aslan-browser.app/$(BUNDLE_EXECUTABLE_FOLDER_PATH)/aslan-browser";
			};
			name = Release;
		};
		B93D55AB2F46BF77007D8DDD /* Debug */ = {
			isa = XCBuildConfiguration;
			buildSettings = {
				CODE_SIGN_STYLE = Automatic;
				CURRENT_PROJECT_VERSION = 4;
				DEVELOPMENT_TEAM = 53T3AP3735;
				GENERATE_INFOPLIST_FILE = YES;
				MARKETING_VERSION = 1.1.1;
				PRODUCT_BUNDLE_IDENTIFIER = "com.uzunu.aslan-browserUITests";
				PRODUCT_NAME = "$(TARGET_NAME)";
				STRING_CATALOG_GENERATE_SYMBOLS = NO;
				SWIFT_APPROACHABLE_CONCURRENCY = YES;
				SWIFT_EMIT_LOC_STRINGS = NO;
				SWIFT_UPCOMING_FEATURE_MEMBER_IMPORT_VISIBILITY = YES;
				SWIFT_VERSION = 5.0;
				TEST_TARGET_NAME = "aslan-browser";
			};
			name = Debug;
		};
		B93D55AC2F46BF77007D8DDD /* Release */ = {
			isa = XCBuildConfiguration;
			buildSettings = {
				CODE_SIGN_STYLE = Automatic;
				CURRENT_PROJECT_VERSION = 4;
				DEVELOPMENT_TEAM = 53T3AP3735;
				GENERATE_INFOPLIST_FILE = YES;
				MARKETING_VERSION = 1.1.1;
				PRODUCT_BUNDLE_IDENTIFIER = "com.uzunu.aslan-browserUITests";
				PRODUCT_NAME = "$(TARGET_NAME)";
				STRING_CATALOG_GENERATE_SYMBOLS = NO;
				SWIFT_APPROACHABLE_CONCURRENCY = YES;
				SWIFT_EMIT_LOC_STRINGS = NO;
				SWIFT_UPCOMING_FEATURE_MEMBER_IMPORT_VISIBILITY = YES;
				SWIFT_VERSION = 5.0;
				TEST_TARGET_NAME = "aslan-browser";
			};
			name = Release;
		};
/* End XCBuildConfiguration section */

/* Begin XCConfigurationList section */
		B93D557C2F46BF76007D8DDD /* Build configuration list for PBXProject "aslan-browser" */ = {
			isa = XCConfigurationList;
			buildConfigurations = (
				B93D55A22F46BF77007D8DDD /* Debug */,
				B93D55A32F46BF77007D8DDD /* Release */,
			);
			defaultConfigurationIsVisible = 0;
			defaultConfigurationName = Release;
		};
		B93D55A42F46BF77007D8DDD /* Build configuration list for PBXNativeTarget "aslan-browser" */ = {
			isa = XCConfigurationList;
			buildConfigurations = (
				B93D55A52F46BF77007D8DDD /* Debug */,
				B93D55A62F46BF77007D8DDD /* Release */,
			);
			defaultConfigurationIsVisible = 0;
			defaultConfigurationName = Release;
		};
		B93D55A72F46BF77007D8DDD /* Build configuration list for PBXNativeTarget "aslan-browserTests" */ = {
			isa = XCConfigurationList;
			buildConfigurations = (
				B93D55A82F46BF77007D8DDD /* Debug */,
				B93D55A92F46BF77007D8DDD /* Release */,
			);
			defaultConfigurationIsVisible = 0;
			defaultConfigurationName = Release;
		};
		B93D55AA2F46BF77007D8DDD /* Build configuration list for PBXNativeTarget "aslan-browserUITests" */ = {
			isa = XCConfigurationList;
			buildConfigurations = (
				B93D55AB2F46BF77007D8DDD /* Debug */,
				B93D55AC2F46BF77007D8DDD /* Release */,
			);
			defaultConfigurationIsVisible = 0;
			defaultConfigurationName = Release;
		};
/* End XCConfigurationList section */

/* Begin XCRemoteSwiftPackageReference section */
		B93D567F2F46D297007D8DDD /* XCRemoteSwiftPackageReference "swift-nio" */ = {
			isa = XCRemoteSwiftPackageReference;
			repositoryURL = "https://github.com/apple/swift-nio.git";
			requirement = {
				kind = upToNextMajorVersion;
				minimumVersion = 2.94.1;
			};
		};
/* End XCRemoteSwiftPackageReference section */

/* Begin XCSwiftPackageProductDependency section */
		B93D56802F46D297007D8DDD /* NIO */ = {
			isa = XCSwiftPackageProductDependency;
			package = B93D567F2F46D297007D8DDD /* XCRemoteSwiftPackageReference "swift-nio" */;
			productName = NIO;
		};
		B93D56822F46D297007D8DDD /* NIOCore */ = {
			isa = XCSwiftPackageProductDependency;
			package = B93D567F2F46D297007D8DDD /* XCRemoteSwiftPackageReference "swift-nio" */;
			productName = NIOCore;
		};
		B93D56842F46D297007D8DDD /* NIOFoundationCompat */ = {
			isa = XCSwiftPackageProductDependency;
			package = B93D567F2F46D297007D8DDD /* XCRemoteSwiftPackageReference "swift-nio" */;
			productName = NIOFoundationCompat;
		};
		B93D56862F46D297007D8DDD /* NIOPosix */ = {
			isa = XCSwiftPackageProductDependency;
			package = B93D567F2F46D297007D8DDD /* XCRemoteSwiftPackageReference "swift-nio" */;
			productName = NIOPosix;
		};
/* End XCSwiftPackageProductDependency section */
	};
	rootObject = B93D55792F46BF76007D8DDD /* Project object */;
}
